
Microsoft Visual Studio Solution File, Format Version 12.00
# Visual Studio Version 17
VisualStudioVersion = 17.9.34714.143
MinimumVisualStudioVersion = 10.0.40219.1
Project("{9A19103F-16F7-4668-BE54-9A1E7A4F7556}") = "tucodev.WPF.Launcher", "tucodev.WPF.Launcher\tucodev.WPF.Launcher.csproj", "{87DCC8A7-99A5-4DA0-8DEC-7A8C81794A49}"
EndProject
Project("{9A19103F-16F7-4668-BE54-9A1E7A4F7556}") = "tucodev.WPF.Core", "tucodev.WPF.Core\tucodev.WPF.Core.csproj", "{153A20F8-4AA9-46FC-9D9D-6DFB1AACDFF8}"
EndProject
Project("{FAE04EC0-301F-11D3-BF4B-00C04F79EFBC}") = "tucodev.WPF", "tucodev.WPF\tucodev.WPF.csproj", "{F4848168-F77A-46EF-9780-9082650692C3}"
EndProject
Global
	GlobalSection(SolutionConfigurationPlatforms) = preSolution
		Debug|Any CPU = Debug|Any CPU
		Release|Any CPU = Release|Any CPU
	EndGlobalSection
	GlobalSection(ProjectConfigurationPlatforms) = postSolution
		{87DCC8A7-99A5-4DA0-8DEC-7A8C81794A49}.Debug|Any CPU.ActiveCfg = Debug|Any CPU
		{87DCC8A7-99A5-4DA0-8DEC-7A8C81794A49}.Debug|Any CPU.Build.0 = Debug|Any CPU
		{87DCC8A7-99A5-4DA0-8DEC-7A8C81794A49}.Release|Any CPU.ActiveCfg = Release|Any CPU
		{87DCC8A7-99A5-4DA0-8DEC-7A8C81794A49}.Release|Any CPU.Build.0 = Release|Any CPU
		{153A20F8-4AA9-46FC-9D9D-6DFB1AACDFF8}.Debug|Any CPU.ActiveCfg = Debug|Any CPU
		{153A20F8-4AA9-46FC-9D9D-6DFB1AACDFF8}.Debug|Any CPU.Build.0 = Debug|Any CPU
		{153A20F8-4AA9-46FC-9D9D-6DFB1AACDFF8}.Release|Any CPU.ActiveCfg = Release|Any CPU
		{153A20F8-4AA9-46FC-9D9D-6DFB1AACDFF8}.Release|Any CPU.Build.0 = Release|Any CPU
		{F4848168-F77A-46EF-9780-9082650692C3}.Debug|Any CPU.ActiveCfg = Debug|Any CPU
		{F4848168-F77A-46EF-9780-9082650692C3}.Debug|Any CPU.Build.0 = Debug|Any CPU
		{F4848168-F77A-46EF-9780-9082650692C3}.Release|Any CPU.ActiveCfg = Release|Any CPU
		{F4848168-F77A-46EF-9780-9082650692C3}.Release|Any CPU.Build.0 = Release|Any CPU
	EndGlobalSection
	GlobalSection(SolutionProperties) = preSolution
		HideSolutionNode = FALSE
	EndGlobalSection
	GlobalSection(ExtensibilityGlobals) = postSolution
		SolutionGuid = {7439B243-4CDB-4834-8966-E87ED1BC6751}
	EndGlobalSection
EndGlobal
